
Microsoft Visual Studio Solution File, Format Version 12.00
# Visual Studio 15
VisualStudioVersion = 15.0.27130.2026
MinimumVisualStudioVersion = 10.0.40219.1
Project("{FAE04EC0-301F-11D3-BF4B-00C04F79EFBC}") = "Tools", "Tools\Tools.csproj", "{2F1F6E24-1FA5-412B-8949-0A7888B9BE71}"
EndProject
Project("{FAE04EC0-301F-11D3-BF4B-00C04F79EFBC}") = "Security.Model", "Security.Model\Security.Model.csproj", "{69F6D882-5A1E-49A9-B10C-A81AD937D188}"
EndProject
Project("{FAE04EC0-301F-11D3-BF4B-00C04F79EFBC}") = "Security.Interfaces", "Security.Interfaces\Security.Interfaces.csproj", "{026352E5-2A65-4064-9848-FB60AB1046AC}"
EndProject
Project("{FAE04EC0-301F-11D3-BF4B-00C04F79EFBC}") = "Security.EntityDal", "Security.EntityDal\Security.EntityDal.csproj", "{CC428C6E-87C3-4FF4-B698-ADF244A31E38}"
EndProject
Project("{FAE04EC0-301F-11D3-BF4B-00C04F79EFBC}") = "Security.Web", "Security.Web\Security.Web.csproj", "{73775B85-04EA-401D-AD27-667815C066EF}"
EndProject
Project("{FAE04EC0-301F-11D3-BF4B-00C04F79EFBC}") = "Security", "Security\Security.csproj", "{556713E5-2ADB-4B4B-8D40-74DF9393D33D}"
EndProject
Project("{2150E333-8FDC-42A3-9474-1A3956D46DE8}") = "Configs", "Configs", "{3B31152B-ED64-4AFC-B23B-5BE03C069705}"
	ProjectSection(SolutionItems) = preProject
		Configs\App.config = Configs\App.config
	EndProjectSection
EndProject
Project("{FAE04EC0-301F-11D3-BF4B-00C04F79EFBC}") = "Security.Manager", "Security.Manager\Security.Manager.csproj", "{C090D941-2315-45B8-BAC6-277FCD7B2ABA}"
EndProject
Project("{FAE04EC0-301F-11D3-BF4B-00C04F79EFBC}") = "Security.BusinessLogic", "Security.BusinessLogic\Security.BusinessLogic.csproj", "{119C94AE-3162-46DB-9B41-2AA5E93B8F27}"
EndProject
Project("{FAE04EC0-301F-11D3-BF4B-00C04F79EFBC}") = "Orm", "Orm\Orm.csproj", "{8A08E1EE-96C4-4694-9A46-B5CE4B68D5CA}"
EndProject
Project("{FAE04EC0-301F-11D3-BF4B-00C04F79EFBC}") = "CommonContracts", "CommonContracts\CommonContracts.csproj", "{943A1733-1B21-4D95-A4E1-D51A3FAE20A4}"
EndProject
Project("{FAE04EC0-301F-11D3-BF4B-00C04F79EFBC}") = "Security.Tests", "Security.Tests\Security.Tests.csproj", "{8A554C86-52F7-42B8-9A10-A91B29DED942}"
EndProject
Project("{FAE04EC0-301F-11D3-BF4B-00C04F79EFBC}") = "ConfigTransform", "ConfigTransform\ConfigTransform.csproj", "{85FAF89B-5AD3-4F32-922B-8ABB14D8A8DF}"
EndProject
Project("{FAE04EC0-301F-11D3-BF4B-00C04F79EFBC}") = "WpfApp_TestSecurity", "WpfApp_TestSecurity\WpfApp_TestSecurity.csproj", "{1DFECA47-1603-4B4F-9437-8EEB79096629}"
EndProject
Project("{FAE04EC0-301F-11D3-BF4B-00C04F79EFBC}") = "Security.WebApi", "Security.WebApi\Security.WebApi.csproj", "{9DDA98B9-FC5C-4C1F-B922-3B1901E23934}"
EndProject
Global
	GlobalSection(SolutionConfigurationPlatforms) = preSolution
		Debug|Any CPU = Debug|Any CPU
		DebugPackage|Any CPU = DebugPackage|Any CPU
		Release|Any CPU = Release|Any CPU
		ReleasePackage|Any CPU = ReleasePackage|Any CPU
	EndGlobalSection
	GlobalSection(ProjectConfigurationPlatforms) = postSolution
		{2F1F6E24-1FA5-412B-8949-0A7888B9BE71}.Debug|Any CPU.ActiveCfg = Debug|Any CPU
		{2F1F6E24-1FA5-412B-8949-0A7888B9BE71}.Debug|Any CPU.Build.0 = Debug|Any CPU
		{2F1F6E24-1FA5-412B-8949-0A7888B9BE71}.DebugPackage|Any CPU.ActiveCfg = DebugPackage|Any CPU
		{2F1F6E24-1FA5-412B-8949-0A7888B9BE71}.DebugPackage|Any CPU.Build.0 = DebugPackage|Any CPU
		{2F1F6E24-1FA5-412B-8949-0A7888B9BE71}.Release|Any CPU.ActiveCfg = Release|Any CPU
		{2F1F6E24-1FA5-412B-8949-0A7888B9BE71}.Release|Any CPU.Build.0 = Release|Any CPU
		{2F1F6E24-1FA5-412B-8949-0A7888B9BE71}.ReleasePackage|Any CPU.ActiveCfg = ReleasePackage|Any CPU
		{2F1F6E24-1FA5-412B-8949-0A7888B9BE71}.ReleasePackage|Any CPU.Build.0 = ReleasePackage|Any CPU
		{69F6D882-5A1E-49A9-B10C-A81AD937D188}.Debug|Any CPU.ActiveCfg = Debug|Any CPU
		{69F6D882-5A1E-49A9-B10C-A81AD937D188}.Debug|Any CPU.Build.0 = Debug|Any CPU
		{69F6D882-5A1E-49A9-B10C-A81AD937D188}.DebugPackage|Any CPU.ActiveCfg = DebugPackage|Any CPU
		{69F6D882-5A1E-49A9-B10C-A81AD937D188}.DebugPackage|Any CPU.Build.0 = DebugPackage|Any CPU
		{69F6D882-5A1E-49A9-B10C-A81AD937D188}.Release|Any CPU.ActiveCfg = Release|Any CPU
		{69F6D882-5A1E-49A9-B10C-A81AD937D188}.Release|Any CPU.Build.0 = Release|Any CPU
		{69F6D882-5A1E-49A9-B10C-A81AD937D188}.ReleasePackage|Any CPU.ActiveCfg = ReleasePackage|Any CPU
		{69F6D882-5A1E-49A9-B10C-A81AD937D188}.ReleasePackage|Any CPU.Build.0 = ReleasePackage|Any CPU
		{026352E5-2A65-4064-9848-FB60AB1046AC}.Debug|Any CPU.ActiveCfg = Debug|Any CPU
		{026352E5-2A65-4064-9848-FB60AB1046AC}.Debug|Any CPU.Build.0 = Debug|Any CPU
		{026352E5-2A65-4064-9848-FB60AB1046AC}.DebugPackage|Any CPU.ActiveCfg = DebugPackage|Any CPU
		{026352E5-2A65-4064-9848-FB60AB1046AC}.DebugPackage|Any CPU.Build.0 = DebugPackage|Any CPU
		{026352E5-2A65-4064-9848-FB60AB1046AC}.Release|Any CPU.ActiveCfg = Release|Any CPU
		{026352E5-2A65-4064-9848-FB60AB1046AC}.Release|Any CPU.Build.0 = Release|Any CPU
		{026352E5-2A65-4064-9848-FB60AB1046AC}.ReleasePackage|Any CPU.ActiveCfg = ReleasePackage|Any CPU
		{026352E5-2A65-4064-9848-FB60AB1046AC}.ReleasePackage|Any CPU.Build.0 = ReleasePackage|Any CPU
		{CC428C6E-87C3-4FF4-B698-ADF244A31E38}.Debug|Any CPU.ActiveCfg = Debug|Any CPU
		{CC428C6E-87C3-4FF4-B698-ADF244A31E38}.Debug|Any CPU.Build.0 = Debug|Any CPU
		{CC428C6E-87C3-4FF4-B698-ADF244A31E38}.DebugPackage|Any CPU.ActiveCfg = DebugPackage|Any CPU
		{CC428C6E-87C3-4FF4-B698-ADF244A31E38}.DebugPackage|Any CPU.Build.0 = DebugPackage|Any CPU
		{CC428C6E-87C3-4FF4-B698-ADF244A31E38}.Release|Any CPU.ActiveCfg = Release|Any CPU
		{CC428C6E-87C3-4FF4-B698-ADF244A31E38}.Release|Any CPU.Build.0 = Release|Any CPU
		{CC428C6E-87C3-4FF4-B698-ADF244A31E38}.ReleasePackage|Any CPU.ActiveCfg = ReleasePackage|Any CPU
		{CC428C6E-87C3-4FF4-B698-ADF244A31E38}.ReleasePackage|Any CPU.Build.0 = ReleasePackage|Any CPU
		{73775B85-04EA-401D-AD27-667815C066EF}.Debug|Any CPU.ActiveCfg = Debug|Any CPU
		{73775B85-04EA-401D-AD27-667815C066EF}.Debug|Any CPU.Build.0 = Debug|Any CPU
		{73775B85-04EA-401D-AD27-667815C066EF}.DebugPackage|Any CPU.ActiveCfg = DebugPackage|Any CPU
		{73775B85-04EA-401D-AD27-667815C066EF}.DebugPackage|Any CPU.Build.0 = DebugPackage|Any CPU
		{73775B85-04EA-401D-AD27-667815C066EF}.Release|Any CPU.ActiveCfg = Release|Any CPU
		{73775B85-04EA-401D-AD27-667815C066EF}.Release|Any CPU.Build.0 = Release|Any CPU
		{73775B85-04EA-401D-AD27-667815C066EF}.ReleasePackage|Any CPU.ActiveCfg = ReleasePackage|Any CPU
		{73775B85-04EA-401D-AD27-667815C066EF}.ReleasePackage|Any CPU.Build.0 = ReleasePackage|Any CPU
		{556713E5-2ADB-4B4B-8D40-74DF9393D33D}.Debug|Any CPU.ActiveCfg = Debug|Any CPU
		{556713E5-2ADB-4B4B-8D40-74DF9393D33D}.Debug|Any CPU.Build.0 = Debug|Any CPU
		{556713E5-2ADB-4B4B-8D40-74DF9393D33D}.DebugPackage|Any CPU.ActiveCfg = DebugPackage|Any CPU
		{556713E5-2ADB-4B4B-8D40-74DF9393D33D}.DebugPackage|Any CPU.Build.0 = DebugPackage|Any CPU
		{556713E5-2ADB-4B4B-8D40-74DF9393D33D}.Release|Any CPU.ActiveCfg = Release|Any CPU
		{556713E5-2ADB-4B4B-8D40-74DF9393D33D}.Release|Any CPU.Build.0 = Release|Any CPU
		{556713E5-2ADB-4B4B-8D40-74DF9393D33D}.ReleasePackage|Any CPU.ActiveCfg = ReleasePackage|Any CPU
		{556713E5-2ADB-4B4B-8D40-74DF9393D33D}.ReleasePackage|Any CPU.Build.0 = ReleasePackage|Any CPU
		{C090D941-2315-45B8-BAC6-277FCD7B2ABA}.Debug|Any CPU.ActiveCfg = Debug|Any CPU
		{C090D941-2315-45B8-BAC6-277FCD7B2ABA}.Debug|Any CPU.Build.0 = Debug|Any CPU
		{C090D941-2315-45B8-BAC6-277FCD7B2ABA}.DebugPackage|Any CPU.ActiveCfg = Debug|Any CPU
		{C090D941-2315-45B8-BAC6-277FCD7B2ABA}.DebugPackage|Any CPU.Build.0 = Debug|Any CPU
		{C090D941-2315-45B8-BAC6-277FCD7B2ABA}.Release|Any CPU.ActiveCfg = Release|Any CPU
		{C090D941-2315-45B8-BAC6-277FCD7B2ABA}.Release|Any CPU.Build.0 = Release|Any CPU
		{C090D941-2315-45B8-BAC6-277FCD7B2ABA}.ReleasePackage|Any CPU.ActiveCfg = ReleasePackage|Any CPU
		{C090D941-2315-45B8-BAC6-277FCD7B2ABA}.ReleasePackage|Any CPU.Build.0 = ReleasePackage|Any CPU
		{119C94AE-3162-46DB-9B41-2AA5E93B8F27}.Debug|Any CPU.ActiveCfg = Debug|Any CPU
		{119C94AE-3162-46DB-9B41-2AA5E93B8F27}.Debug|Any CPU.Build.0 = Debug|Any CPU
		{119C94AE-3162-46DB-9B41-2AA5E93B8F27}.DebugPackage|Any CPU.ActiveCfg = Debug|Any CPU
		{119C94AE-3162-46DB-9B41-2AA5E93B8F27}.DebugPackage|Any CPU.Build.0 = Debug|Any CPU
		{119C94AE-3162-46DB-9B41-2AA5E93B8F27}.Release|Any CPU.ActiveCfg = Release|Any CPU
		{119C94AE-3162-46DB-9B41-2AA5E93B8F27}.Release|Any CPU.Build.0 = Release|Any CPU
		{119C94AE-3162-46DB-9B41-2AA5E93B8F27}.ReleasePackage|Any CPU.ActiveCfg = Release|Any CPU
		{119C94AE-3162-46DB-9B41-2AA5E93B8F27}.ReleasePackage|Any CPU.Build.0 = Release|Any CPU
		{8A08E1EE-96C4-4694-9A46-B5CE4B68D5CA}.Debug|Any CPU.ActiveCfg = Debug|Any CPU
		{8A08E1EE-96C4-4694-9A46-B5CE4B68D5CA}.Debug|Any CPU.Build.0 = Debug|Any CPU
		{8A08E1EE-96C4-4694-9A46-B5CE4B68D5CA}.DebugPackage|Any CPU.ActiveCfg = Debug|Any CPU
		{8A08E1EE-96C4-4694-9A46-B5CE4B68D5CA}.DebugPackage|Any CPU.Build.0 = Debug|Any CPU
		{8A08E1EE-96C4-4694-9A46-B5CE4B68D5CA}.Release|Any CPU.ActiveCfg = Release|Any CPU
		{8A08E1EE-96C4-4694-9A46-B5CE4B68D5CA}.Release|Any CPU.Build.0 = Release|Any CPU
		{8A08E1EE-96C4-4694-9A46-B5CE4B68D5CA}.ReleasePackage|Any CPU.ActiveCfg = Release|Any CPU
		{8A08E1EE-96C4-4694-9A46-B5CE4B68D5CA}.ReleasePackage|Any CPU.Build.0 = Release|Any CPU
		{943A1733-1B21-4D95-A4E1-D51A3FAE20A4}.Debug|Any CPU.ActiveCfg = Debug|Any CPU
		{943A1733-1B21-4D95-A4E1-D51A3FAE20A4}.Debug|Any CPU.Build.0 = Debug|Any CPU
		{943A1733-1B21-4D95-A4E1-D51A3FAE20A4}.DebugPackage|Any CPU.ActiveCfg = Debug|Any CPU
		{943A1733-1B21-4D95-A4E1-D51A3FAE20A4}.DebugPackage|Any CPU.Build.0 = Debug|Any CPU
		{943A1733-1B21-4D95-A4E1-D51A3FAE20A4}.Release|Any CPU.ActiveCfg = Release|Any CPU
		{943A1733-1B21-4D95-A4E1-D51A3FAE20A4}.Release|Any CPU.Build.0 = Release|Any CPU
		{943A1733-1B21-4D95-A4E1-D51A3FAE20A4}.ReleasePackage|Any CPU.ActiveCfg = Release|Any CPU
		{943A1733-1B21-4D95-A4E1-D51A3FAE20A4}.ReleasePackage|Any CPU.Build.0 = Release|Any CPU
		{8A554C86-52F7-42B8-9A10-A91B29DED942}.Debug|Any CPU.ActiveCfg = Debug|Any CPU
		{8A554C86-52F7-42B8-9A10-A91B29DED942}.Debug|Any CPU.Build.0 = Debug|Any CPU
		{8A554C86-52F7-42B8-9A10-A91B29DED942}.DebugPackage|Any CPU.ActiveCfg = Debug|Any CPU
		{8A554C86-52F7-42B8-9A10-A91B29DED942}.DebugPackage|Any CPU.Build.0 = Debug|Any CPU
		{8A554C86-52F7-42B8-9A10-A91B29DED942}.Release|Any CPU.ActiveCfg = Release|Any CPU
		{8A554C86-52F7-42B8-9A10-A91B29DED942}.Release|Any CPU.Build.0 = Release|Any CPU
		{8A554C86-52F7-42B8-9A10-A91B29DED942}.ReleasePackage|Any CPU.ActiveCfg = Release|Any CPU
		{8A554C86-52F7-42B8-9A10-A91B29DED942}.ReleasePackage|Any CPU.Build.0 = Release|Any CPU
		{85FAF89B-5AD3-4F32-922B-8ABB14D8A8DF}.Debug|Any CPU.ActiveCfg = Debug|Any CPU
		{85FAF89B-5AD3-4F32-922B-8ABB14D8A8DF}.Debug|Any CPU.Build.0 = Debug|Any CPU
		{85FAF89B-5AD3-4F32-922B-8ABB14D8A8DF}.DebugPackage|Any CPU.ActiveCfg = Debug|Any CPU
		{85FAF89B-5AD3-4F32-922B-8ABB14D8A8DF}.DebugPackage|Any CPU.Build.0 = Debug|Any CPU
		{85FAF89B-5AD3-4F32-922B-8ABB14D8A8DF}.Release|Any CPU.ActiveCfg = Release|Any CPU
		{85FAF89B-5AD3-4F32-922B-8ABB14D8A8DF}.Release|Any CPU.Build.0 = Release|Any CPU
		{85FAF89B-5AD3-4F32-922B-8ABB14D8A8DF}.ReleasePackage|Any CPU.ActiveCfg = Release|Any CPU
		{85FAF89B-5AD3-4F32-922B-8ABB14D8A8DF}.ReleasePackage|Any CPU.Build.0 = Release|Any CPU
		{1DFECA47-1603-4B4F-9437-8EEB79096629}.Debug|Any CPU.ActiveCfg = Debug|Any CPU
		{1DFECA47-1603-4B4F-9437-8EEB79096629}.Debug|Any CPU.Build.0 = Debug|Any CPU
		{1DFECA47-1603-4B4F-9437-8EEB79096629}.DebugPackage|Any CPU.ActiveCfg = Debug|Any CPU
		{1DFECA47-1603-4B4F-9437-8EEB79096629}.DebugPackage|Any CPU.Build.0 = Debug|Any CPU
		{1DFECA47-1603-4B4F-9437-8EEB79096629}.Release|Any CPU.ActiveCfg = Release|Any CPU
		{1DFECA47-1603-4B4F-9437-8EEB79096629}.Release|Any CPU.Build.0 = Release|Any CPU
		{1DFECA47-1603-4B4F-9437-8EEB79096629}.ReleasePackage|Any CPU.ActiveCfg = Release|Any CPU
		{1DFECA47-1603-4B4F-9437-8EEB79096629}.ReleasePackage|Any CPU.Build.0 = Release|Any CPU
		{9DDA98B9-FC5C-4C1F-B922-3B1901E23934}.Debug|Any CPU.ActiveCfg = Debug|Any CPU
		{9DDA98B9-FC5C-4C1F-B922-3B1901E23934}.Debug|Any CPU.Build.0 = Debug|Any CPU
		{9DDA98B9-FC5C-4C1F-B922-3B1901E23934}.DebugPackage|Any CPU.ActiveCfg = Debug|Any CPU
		{9DDA98B9-FC5C-4C1F-B922-3B1901E23934}.DebugPackage|Any CPU.Build.0 = Debug|Any CPU
		{9DDA98B9-FC5C-4C1F-B922-3B1901E23934}.Release|Any CPU.ActiveCfg = Release|Any CPU
		{9DDA98B9-FC5C-4C1F-B922-3B1901E23934}.Release|Any CPU.Build.0 = Release|Any CPU
		{9DDA98B9-FC5C-4C1F-B922-3B1901E23934}.ReleasePackage|Any CPU.ActiveCfg = Release|Any CPU
		{9DDA98B9-FC5C-4C1F-B922-3B1901E23934}.ReleasePackage|Any CPU.Build.0 = Release|Any CPU
	EndGlobalSection
	GlobalSection(SolutionProperties) = preSolution
		HideSolutionNode = FALSE
	EndGlobalSection
	GlobalSection(ExtensibilityGlobals) = postSolution
		SolutionGuid = {9D0FD26F-62FE-46A0-B7F7-2BD9DE9DC6C6}
	EndGlobalSection
EndGlobal
